// !$*UTF8*$!
{
	archiveVersion = 1;
	classes = {
	};
	objectVersion = 55;
	objects = {

/* Begin PBXBuildFile section */
		10184F4027DF2BCE001086EE /* PlaceholderViewController.swift in Sources */ = {isa = PBXBuildFile; fileRef = 10184F3F27DF2BCE001086EE /* PlaceholderViewController.swift */; };
		10184F4227DF3629001086EE /* TileViewController.swift in Sources */ = {isa = PBXBuildFile; fileRef = 10184F4127DF3629001086EE /* TileViewController.swift */; };
		10184F4427DF365D001086EE /* TileView.swift in Sources */ = {isa = PBXBuildFile; fileRef = 10184F4327DF365D001086EE /* TileView.swift */; };
		10212EB527E11314005A3B2A /* StarAndPoints.swift in Sources */ = {isa = PBXBuildFile; fileRef = 10212EB427E11314005A3B2A /* StarAndPoints.swift */; };
		10212EB727E11550005A3B2A /* StarRewardsRow.swift in Sources */ = {isa = PBXBuildFile; fileRef = 10212EB627E11550005A3B2A /* StarRewardsRow.swift */; };
		102FA21527E0DE0900C7225F /* RewardsGraphView.swift in Sources */ = {isa = PBXBuildFile; fileRef = 102FA21427E0DE0900C7225F /* RewardsGraphView.swift */; };
		106FEA3B27DDEE9100F9C6A1 /* AppDelegate.swift in Sources */ = {isa = PBXBuildFile; fileRef = 106FEA3A27DDEE9100F9C6A1 /* AppDelegate.swift */; };
		106FEA3F27DDEE9100F9C6A1 /* HomeViewController.swift in Sources */ = {isa = PBXBuildFile; fileRef = 106FEA3E27DDEE9100F9C6A1 /* HomeViewController.swift */; };
		106FEA4427DDEE9200F9C6A1 /* Assets.xcassets in Resources */ = {isa = PBXBuildFile; fileRef = 106FEA4327DDEE9200F9C6A1 /* Assets.xcassets */; };
		106FEA4727DDEE9200F9C6A1 /* LaunchScreen.storyboard in Resources */ = {isa = PBXBuildFile; fileRef = 106FEA4527DDEE9200F9C6A1 /* LaunchScreen.storyboard */; };
		1079C6CE27DE10B2006F3A21 /* HomeHeaderView.swift in Sources */ = {isa = PBXBuildFile; fileRef = 1079C6CD27DE10B2006F3A21 /* HomeHeaderView.swift */; };
		108FCC6B27DDF02900867467 /* StarbucksViewControllers.swift in Sources */ = {isa = PBXBuildFile; fileRef = 108FCC6A27DDF02900867467 /* StarbucksViewControllers.swift */; };
		108FCC6D27DDF66600867467 /* Factories.swift in Sources */ = {isa = PBXBuildFile; fileRef = 108FCC6C27DDF66600867467 /* Factories.swift */; };
		10F9A67427DF7E48003519DC /* RewardsTileViewController.swift in Sources */ = {isa = PBXBuildFile; fileRef = 10F9A67327DF7E48003519DC /* RewardsTileViewController.swift */; };
		10F9A67627DF7E61003519DC /* RewardsTileView.swift in Sources */ = {isa = PBXBuildFile; fileRef = 10F9A67527DF7E61003519DC /* RewardsTileView.swift */; };
		10F9A67827DF805C003519DC /* BalanceView.swift in Sources */ = {isa = PBXBuildFile; fileRef = 10F9A67727DF805C003519DC /* BalanceView.swift */; };
/* End PBXBuildFile section */

/* Begin PBXFileReference section */
		10184F3F27DF2BCE001086EE /* PlaceholderViewController.swift */ = {isa = PBXFileReference; lastKnownFileType = sourcecode.swift; path = PlaceholderViewController.swift; sourceTree = "<group>"; };
		10184F4127DF3629001086EE /* TileViewController.swift */ = {isa = PBXFileReference; lastKnownFileType = sourcecode.swift; path = TileViewController.swift; sourceTree = "<group>"; };
		10184F4327DF365D001086EE /* TileView.swift */ = {isa = PBXFileReference; lastKnownFileType = sourcecode.swift; path = TileView.swift; sourceTree = "<group>"; };
		10212EB427E11314005A3B2A /* StarAndPoints.swift */ = {isa = PBXFileReference; lastKnownFileType = sourcecode.swift; path = StarAndPoints.swift; sourceTree = "<group>"; };
		10212EB627E11550005A3B2A /* StarRewardsRow.swift */ = {isa = PBXFileReference; lastKnownFileType = sourcecode.swift; path = StarRewardsRow.swift; sourceTree = "<group>"; };
		102FA21427E0DE0900C7225F /* RewardsGraphView.swift */ = {isa = PBXFileReference; lastKnownFileType = sourcecode.swift; path = RewardsGraphView.swift; sourceTree = "<group>"; };
		106FEA3727DDEE9100F9C6A1 /* StarbucksHomeScreen.app */ = {isa = PBXFileReference; explicitFileType = wrapper.application; includeInIndex = 0; path = StarbucksHomeScreen.app; sourceTree = BUILT_PRODUCTS_DIR; };
		106FEA3A27DDEE9100F9C6A1 /* AppDelegate.swift */ = {isa = PBXFileReference; lastKnownFileType = sourcecode.swift; path = AppDelegate.swift; sourceTree = "<group>"; };
		106FEA3E27DDEE9100F9C6A1 /* HomeViewController.swift */ = {isa = PBXFileReference; lastKnownFileType = sourcecode.swift; path = HomeViewController.swift; sourceTree = "<group>"; };
		106FEA4327DDEE9200F9C6A1 /* Assets.xcassets */ = {isa = PBXFileReference; lastKnownFileType = folder.assetcatalog; path = Assets.xcassets; sourceTree = "<group>"; };
		106FEA4627DDEE9200F9C6A1 /* Base */ = {isa = PBXFileReference; lastKnownFileType = file.storyboard; name = Base; path = Base.lproj/LaunchScreen.storyboard; sourceTree = "<group>"; };
		106FEA4827DDEE9200F9C6A1 /* Info.plist */ = {isa = PBXFileReference; lastKnownFileType = text.plist.xml; path = Info.plist; sourceTree = "<group>"; };
		1079C6CD27DE10B2006F3A21 /* HomeHeaderView.swift */ = {isa = PBXFileReference; lastKnownFileType = sourcecode.swift; path = HomeHeaderView.swift; sourceTree = "<group>"; };
		108FCC6A27DDF02900867467 /* StarbucksViewControllers.swift */ = {isa = PBXFileReference; lastKnownFileType = sourcecode.swift; path = StarbucksViewControllers.swift; sourceTree = "<group>"; };
		108FCC6C27DDF66600867467 /* Factories.swift */ = {isa = PBXFileReference; lastKnownFileType = sourcecode.swift; path = Factories.swift; sourceTree = "<group>"; };
		10F9A67327DF7E48003519DC /* RewardsTileViewController.swift */ = {isa = PBXFileReference; lastKnownFileType = sourcecode.swift; path = RewardsTileViewController.swift; sourceTree = "<group>"; };
		10F9A67527DF7E61003519DC /* RewardsTileView.swift */ = {isa = PBXFileReference; lastKnownFileType = sourcecode.swift; path = RewardsTileView.swift; sourceTree = "<group>"; };
		10F9A67727DF805C003519DC /* BalanceView.swift */ = {isa = PBXFileReference; lastKnownFileType = sourcecode.swift; path = BalanceView.swift; sourceTree = "<group>"; };
/* End PBXFileReference section */

/* Begin PBXFrameworksBuildPhase section */
		106FEA3427DDEE9100F9C6A1 /* Frameworks */ = {
			isa = PBXFrameworksBuildPhase;
			buildActionMask = 2147483647;
			files = (
			);
			runOnlyForDeploymentPostprocessing = 0;
		};
/* End PBXFrameworksBuildPhase section */

/* Begin PBXGroup section */
		10212EB327E112ED005A3B2A /* StarRewards */ = {
			isa = PBXGroup;
			children = (
				10212EB427E11314005A3B2A /* StarAndPoints.swift */,
				10212EB627E11550005A3B2A /* StarRewardsRow.swift */,
			);
			path = StarRewards;
			sourceTree = "<group>";
		};
		106FEA2E27DDEE9100F9C6A1 = {
			isa = PBXGroup;
			children = (
				106FEA3927DDEE9100F9C6A1 /* StarbucksHomeScreen */,
				106FEA3827DDEE9100F9C6A1 /* Products */,
			);
			sourceTree = "<group>";
		};
		106FEA3827DDEE9100F9C6A1 /* Products */ = {
			isa = PBXGroup;
			children = (
				106FEA3727DDEE9100F9C6A1 /* StarbucksHomeScreen.app */,
			);
			name = Products;
			sourceTree = "<group>";
		};
		106FEA3927DDEE9100F9C6A1 /* StarbucksHomeScreen */ = {
			isa = PBXGroup;
			children = (
				1079C6CA27DE0FBC006F3A21 /* Files */,
				1079C6CB27DE0FC3006F3A21 /* Home */,
				1079C6CC27DE0FD9006F3A21 /* Resources */,
			);
			path = StarbucksHomeScreen;
			sourceTree = "<group>";
		};
		1079C6CA27DE0FBC006F3A21 /* Files */ = {
			isa = PBXGroup;
			children = (
				106FEA3A27DDEE9100F9C6A1 /* AppDelegate.swift */,
				108FCC6A27DDF02900867467 /* StarbucksViewControllers.swift */,
				108FCC6C27DDF66600867467 /* Factories.swift */,
			);
			path = Files;
			sourceTree = "<group>";
		};
		1079C6CB27DE0FC3006F3A21 /* Home */ = {
			isa = PBXGroup;
			children = (
				10212EB327E112ED005A3B2A /* StarRewards */,
				10F9A67227DF7DEC003519DC /* Rewards */,
				106FEA3E27DDEE9100F9C6A1 /* HomeViewController.swift */,
				1079C6CD27DE10B2006F3A21 /* HomeHeaderView.swift */,
				10184F3F27DF2BCE001086EE /* PlaceholderViewController.swift */,
				10184F4127DF3629001086EE /* TileViewController.swift */,
				10184F4327DF365D001086EE /* TileView.swift */,
			);
			path = Home;
			sourceTree = "<group>";
		};
		1079C6CC27DE0FD9006F3A21 /* Resources */ = {
			isa = PBXGroup;
			children = (
				106FEA4327DDEE9200F9C6A1 /* Assets.xcassets */,
				106FEA4527DDEE9200F9C6A1 /* LaunchScreen.storyboard */,
				106FEA4827DDEE9200F9C6A1 /* Info.plist */,
			);
			path = Resources;
			sourceTree = "<group>";
		};
		10F9A67227DF7DEC003519DC /* Rewards */ = {
			isa = PBXGroup;
			children = (
				10F9A67327DF7E48003519DC /* RewardsTileViewController.swift */,
				10F9A67527DF7E61003519DC /* RewardsTileView.swift */,
				10F9A67727DF805C003519DC /* BalanceView.swift */,
				102FA21427E0DE0900C7225F /* RewardsGraphView.swift */,
			);
			path = Rewards;
			sourceTree = "<group>";
		};
/* End PBXGroup section */

/* Begin PBXNativeTarget section */
		106FEA3627DDEE9100F9C6A1 /* StarbucksHomeScreen */ = {
			isa = PBXNativeTarget;
			buildConfigurationList = 106FEA4B27DDEE9200F9C6A1 /* Build configuration list for PBXNativeTarget "StarbucksHomeScreen" */;
			buildPhases = (
				106FEA3327DDEE9100F9C6A1 /* Sources */,
				106FEA3427DDEE9100F9C6A1 /* Frameworks */,
				106FEA3527DDEE9100F9C6A1 /* Resources */,
			);
			buildRules = (
			);
			dependencies = (
			);
			name = StarbucksHomeScreen;
			productName = StarbucksHomeScreen;
			productReference = 106FEA3727DDEE9100F9C6A1 /* StarbucksHomeScreen.app */;
			productType = "com.apple.product-type.application";
		};
/* End PBXNativeTarget section */

/* Begin PBXProject section */
		106FEA2F27DDEE9100F9C6A1 /* Project object */ = {
			isa = PBXProject;
			attributes = {
				BuildIndependentTargetsInParallel = 1;
				LastSwiftUpdateCheck = 1320;
				LastUpgradeCheck = 1320;
				TargetAttributes = {
					106FEA3627DDEE9100F9C6A1 = {
						CreatedOnToolsVersion = 13.2;
					};
				};
			};
			buildConfigurationList = 106FEA3227DDEE9100F9C6A1 /* Build configuration list for PBXProject "StarbucksHomeScreen" */;
			compatibilityVersion = "Xcode 13.0";
			developmentRegion = en;
			hasScannedForEncodings = 0;
			knownRegions = (
				en,
				Base,
			);
			mainGroup = 106FEA2E27DDEE9100F9C6A1;
			productRefGroup = 106FEA3827DDEE9100F9C6A1 /* Products */;
			projectDirPath = "";
			projectRoot = "";
			targets = (
				106FEA3627DDEE9100F9C6A1 /* StarbucksHomeScreen */,
			);
		};
/* End PBXProject section */

/* Begin PBXResourcesBuildPhase section */
		106FEA3527DDEE9100F9C6A1 /* Resources */ = {
			isa = PBXResourcesBuildPhase;
			buildActionMask = 2147483647;
			files = (
				106FEA4727DDEE9200F9C6A1 /* LaunchScreen.storyboard in Resources */,
				106FEA4427DDEE9200F9C6A1 /* Assets.xcassets in Resources */,
			);
			runOnlyForDeploymentPostprocessing = 0;
		};
/* End PBXResourcesBuildPhase section */

/* Begin PBXSourcesBuildPhase section */
		106FEA3327DDEE9100F9C6A1 /* Sources */ = {
			isa = PBXSourcesBuildPhase;
			buildActionMask = 2147483647;
			files = (
				108FCC6B27DDF02900867467 /* StarbucksViewControllers.swift in Sources */,
				1079C6CE27DE10B2006F3A21 /* HomeHeaderView.swift in Sources */,
				102FA21527E0DE0900C7225F /* RewardsGraphView.swift in Sources */,
				10F9A67827DF805C003519DC /* BalanceView.swift in Sources */,
				10184F4427DF365D001086EE /* TileView.swift in Sources */,
				10212EB727E11550005A3B2A /* StarRewardsRow.swift in Sources */,
				106FEA3F27DDEE9100F9C6A1 /* HomeViewController.swift in Sources */,
				10212EB527E11314005A3B2A /* StarAndPoints.swift in Sources */,
				10F9A67427DF7E48003519DC /* RewardsTileViewController.swift in Sources */,
				10184F4227DF3629001086EE /* TileViewController.swift in Sources */,
				108FCC6D27DDF66600867467 /* Factories.swift in Sources */,
				10F9A67627DF7E61003519DC /* RewardsTileView.swift in Sources */,
				10184F4027DF2BCE001086EE /* PlaceholderViewController.swift in Sources */,
				106FEA3B27DDEE9100F9C6A1 /* AppDelegate.swift in Sources */,
			);
			runOnlyForDeploymentPostprocessing = 0;
		};
/* End PBXSourcesBuildPhase section */

/* Begin PBXVariantGroup section */
		106FEA4527DDEE9200F9C6A1 /* LaunchScreen.storyboard */ = {
			isa = PBXVariantGroup;
			children = (
				106FEA4627DDEE9200F9C6A1 /* Base */,
			);
			name = LaunchScreen.storyboard;
			sourceTree = "<group>";
		};
/* End PBXVariantGroup section */

/* Begin XCBuildConfiguration section */
		106FEA4927DDEE9200F9C6A1 /* Debug */ = {
			isa = XCBuildConfiguration;
			buildSettings = {
				ALWAYS_SEARCH_USER_PATHS = NO;
				CLANG_ANALYZER_NONNULL = YES;
				CLANG_ANALYZER_NUMBER_OBJECT_CONVERSION = YES_AGGRESSIVE;
				CLANG_CXX_LANGUAGE_STANDARD = "gnu++17";
				CLANG_CXX_LIBRARY = "libc++";
				CLANG_ENABLE_MODULES = YES;
				CLANG_ENABLE_OBJC_ARC = YES;
				CLANG_ENABLE_OBJC_WEAK = YES;
				CLANG_WARN_BLOCK_CAPTURE_AUTORELEASING = YES;
				CLANG_WARN_BOOL_CONVERSION = YES;
				CLANG_WARN_COMMA = YES;
				CLANG_WARN_CONSTANT_CONVERSION = YES;
				CLANG_WARN_DEPRECATED_OBJC_IMPLEMENTATIONS = YES;
				CLANG_WARN_DIRECT_OBJC_ISA_USAGE = YES_ERROR;
				CLANG_WARN_DOCUMENTATION_COMMENTS = YES;
				CLANG_WARN_EMPTY_BODY = YES;
				CLANG_WARN_ENUM_CONVERSION = YES;
				CLANG_WARN_INFINITE_RECURSION = YES;
				CLANG_WARN_INT_CONVERSION = YES;
				CLANG_WARN_NON_LITERAL_NULL_CONVERSION = YES;
				CLANG_WARN_OBJC_IMPLICIT_RETAIN_SELF = YES;
				CLANG_WARN_OBJC_LITERAL_CONVERSION = YES;
				CLANG_WARN_OBJC_ROOT_CLASS = YES_ERROR;
				CLANG_WARN_QUOTED_INCLUDE_IN_FRAMEWORK_HEADER = YES;
				CLANG_WARN_RANGE_LOOP_ANALYSIS = YES;
				CLANG_WARN_STRICT_PROTOTYPES = YES;
				CLANG_WARN_SUSPICIOUS_MOVE = YES;
				CLANG_WARN_UNGUARDED_AVAILABILITY = YES_AGGRESSIVE;
				CLANG_WARN_UNREACHABLE_CODE = YES;
				CLANG_WARN__DUPLICATE_METHOD_MATCH = YES;
				COPY_PHASE_STRIP = NO;
				DEBUG_INFORMATION_FORMAT = dwarf;
				ENABLE_STRICT_OBJC_MSGSEND = YES;
				ENABLE_TESTABILITY = YES;
				GCC_C_LANGUAGE_STANDARD = gnu11;
				GCC_DYNAMIC_NO_PIC = NO;
				GCC_NO_COMMON_BLOCKS = YES;
				GCC_OPTIMIZATION_LEVEL = 0;
				GCC_PREPROCESSOR_DEFINITIONS = (
					"DEBUG=1",
					"$(inherited)",
				);
				GCC_WARN_64_TO_32_BIT_CONVERSION = YES;
				GCC_WARN_ABOUT_RETURN_TYPE = YES_ERROR;
				GCC_WARN_UNDECLARED_SELECTOR = YES;
				GCC_WARN_UNINITIALIZED_AUTOS = YES_AGGRESSIVE;
				GCC_WARN_UNUSED_FUNCTION = YES;
				GCC_WARN_UNUSED_VARIABLE = YES;
				IPHONEOS_DEPLOYMENT_TARGET = 15.2;
				MTL_ENABLE_DEBUG_INFO = INCLUDE_SOURCE;
				MTL_FAST_MATH = YES;
				ONLY_ACTIVE_ARCH = YES;
				SDKROOT = iphoneos;
				SWIFT_ACTIVE_COMPILATION_CONDITIONS = DEBUG;
				SWIFT_OPTIMIZATION_LEVEL = "-Onone";
			};
			name = Debug;
		};
		106FEA4A27DDEE9200F9C6A1 /* Release */ = {
			isa = XCBuildConfiguration;
			buildSettings = {
				ALWAYS_SEARCH_USER_PATHS = NO;
				CLANG_ANALYZER_NONNULL = YES;
				CLANG_ANALYZER_NUMBER_OBJECT_CONVERSION = YES_AGGRESSIVE;
				CLANG_CXX_LANGUAGE_STANDARD = "gnu++17";
				CLANG_CXX_LIBRARY = "libc++";
				CLANG_ENABLE_MODULES = YES;
				CLANG_ENABLE_OBJC_ARC = YES;
				CLANG_ENABLE_OBJC_WEAK = YES;
				CLANG_WARN_BLOCK_CAPTURE_AUTORELEASING = YES;
				CLANG_WARN_BOOL_CONVERSION = YES;
				CLANG_WARN_COMMA = YES;
				CLANG_WARN_CONSTANT_CONVERSION = YES;
				CLANG_WARN_DEPRECATED_OBJC_IMPLEMENTATIONS = YES;
				CLANG_WARN_DIRECT_OBJC_ISA_USAGE = YES_ERROR;
				CLANG_WARN_DOCUMENTATION_COMMENTS = YES;
				CLANG_WARN_EMPTY_BODY = YES;
				CLANG_WARN_ENUM_CONVERSION = YES;
				CLANG_WARN_INFINITE_RECURSION = YES;
				CLANG_WARN_INT_CONVERSION = YES;
				CLANG_WARN_NON_LITERAL_NULL_CONVERSION = YES;
				CLANG_WARN_OBJC_IMPLICIT_RETAIN_SELF = YES;
				CLANG_WARN_OBJC_LITERAL_CONVERSION = YES;
				CLANG_WARN_OBJC_ROOT_CLASS = YES_ERROR;
				CLANG_WARN_QUOTED_INCLUDE_IN_FRAMEWORK_HEADER = YES;
				CLANG_WARN_RANGE_LOOP_ANALYSIS = YES;
				CLANG_WARN_STRICT_PROTOTYPES = YES;
				CLANG_WARN_SUSPICIOUS_MOVE = YES;
				CLANG_WARN_UNGUARDED_AVAILABILITY = YES_AGGRESSIVE;
				CLANG_WARN_UNREACHABLE_CODE = YES;
				CLANG_WARN__DUPLICATE_METHOD_MATCH = YES;
				COPY_PHASE_STRIP = NO;
				DEBUG_INFORMATION_FORMAT = "dwarf-with-dsym";
				ENABLE_NS_ASSERTIONS = NO;
				ENABLE_STRICT_OBJC_MSGSEND = YES;
				GCC_C_LANGUAGE_STANDARD = gnu11;
				GCC_NO_COMMON_BLOCKS = YES;
				GCC_WARN_64_TO_32_BIT_CONVERSION = YES;
				GCC_WARN_ABOUT_RETURN_TYPE = YES_ERROR;
				GCC_WARN_UNDECLARED_SELECTOR = YES;
				GCC_WARN_UNINITIALIZED_AUTOS = YES_AGGRESSIVE;
				GCC_WARN_UNUSED_FUNCTION = YES;
				GCC_WARN_UNUSED_VARIABLE = YES;
				IPHONEOS_DEPLOYMENT_TARGET = 15.2;
				MTL_ENABLE_DEBUG_INFO = NO;
				MTL_FAST_MATH = YES;
				SDKROOT = iphoneos;
				SWIFT_COMPILATION_MODE = wholemodule;
				SWIFT_OPTIMIZATION_LEVEL = "-O";
				VALIDATE_PRODUCT = YES;
			};
			name = Release;
		};
		106FEA4C27DDEE9200F9C6A1 /* Debug */ = {
			isa = XCBuildConfiguration;
			buildSettings = {
				ASSETCATALOG_COMPILER_APPICON_NAME = AppIcon;
				ASSETCATALOG_COMPILER_GLOBAL_ACCENT_COLOR_NAME = AccentColor;
				CODE_SIGN_STYLE = Automatic;
				CURRENT_PROJECT_VERSION = 1;
				GENERATE_INFOPLIST_FILE = YES;
				INFOPLIST_FILE = StarbucksHomeScreen/Resources/Info.plist;
				INFOPLIST_KEY_UIApplicationSupportsIndirectInputEvents = YES;
				INFOPLIST_KEY_UILaunchStoryboardName = LaunchScreen;
				INFOPLIST_KEY_UISupportedInterfaceOrientations_iPad = "UIInterfaceOrientationPortrait UIInterfaceOrientationPortraitUpsideDown UIInterfaceOrientationLandscapeLeft UIInterfaceOrientationLandscapeRight";
				INFOPLIST_KEY_UISupportedInterfaceOrientations_iPhone = "UIInterfaceOrientationPortrait UIInterfaceOrientationLandscapeLeft UIInterfaceOrientationLandscapeRight";
				LD_RUNPATH_SEARCH_PATHS = (
					"$(inherited)",
					"@executable_path/Frameworks",
				);
				MARKETING_VERSION = 1.0;
				PRODUCT_BUNDLE_IDENTIFIER = com.myapps.StarbucksHomeScreen;
				PRODUCT_NAME = "$(TARGET_NAME)";
				SWIFT_EMIT_LOC_STRINGS = YES;
				SWIFT_VERSION = 5.0;
				TARGETED_DEVICE_FAMILY = "1,2";
			};
			name = Debug;
		};
		106FEA4D27DDEE9200F9C6A1 /* Release */ = {
			isa = XCBuildConfiguration;
			buildSettings = {
				ASSETCATALOG_COMPILER_APPICON_NAME = AppIcon;
				ASSETCATALOG_COMPILER_GLOBAL_ACCENT_COLOR_NAME = AccentColor;
				CODE_SIGN_STYLE = Automatic;
				CURRENT_PROJECT_VERSION = 1;
				GENERATE_INFOPLIST_FILE = YES;
				INFOPLIST_FILE = StarbucksHomeScreen/Resources/Info.plist;
				INFOPLIST_KEY_UIApplicationSupportsIndirectInputEvents = YES;
				INFOPLIST_KEY_UILaunchStoryboardName = LaunchScreen;
				INFOPLIST_KEY_UISupportedInterfaceOrientations_iPad = "UIInterfaceOrientationPortrait UIInterfaceOrientationPortraitUpsideDown UIInterfaceOrientationLandscapeLeft UIInterfaceOrientationLandscapeRight";
				INFOPLIST_KEY_UISupportedInterfaceOrientations_iPhone = "UIInterfaceOrientationPortrait UIInterfaceOrientationLandscapeLeft UIInterfaceOrientationLandscapeRight";
				LD_RUNPATH_SEARCH_PATHS = (
					"$(inherited)",
					"@executable_path/Frameworks",
				);
				MARKETING_VERSION = 1.0;
				PRODUCT_BUNDLE_IDENTIFIER = com.myapps.StarbucksHomeScreen;
				PRODUCT_NAME = "$(TARGET_NAME)";
				SWIFT_EMIT_LOC_STRINGS = YES;
				SWIFT_VERSION = 5.0;
				TARGETED_DEVICE_FAMILY = "1,2";
			};
			name = Release;
		};
/* End XCBuildConfiguration section */

/* Begin XCConfigurationList section */
		106FEA3227DDEE9100F9C6A1 /* Build configuration list for PBXProject "StarbucksHomeScreen" */ = {
			isa = XCConfigurationList;
			buildConfigurations = (
				106FEA4927DDEE9200F9C6A1 /* Debug */,
				106FEA4A27DDEE9200F9C6A1 /* Release */,
			);
			defaultConfigurationIsVisible = 0;
			defaultConfigurationName = Release;
		};
		106FEA4B27DDEE9200F9C6A1 /* Build configuration list for PBXNativeTarget "StarbucksHomeScreen" */ = {
			isa = XCConfigurationList;
			buildConfigurations = (
				106FEA4C27DDEE9200F9C6A1 /* Debug */,
				106FEA4D27DDEE9200F9C6A1 /* Release */,
			);
			defaultConfigurationIsVisible = 0;
			defaultConfigurationName = Release;
		};
/* End XCConfigurationList section */
	};
	rootObject = 106FEA2F27DDEE9100F9C6A1 /* Project object */;
}
